
Microsoft Visual Studio Solution File, Format Version 12.00
Project("{FAE04EC0-301F-11D3-BF4B-00C04F79EFBC}") = "BlackJackGame", "BlackJackGame\BlackJackGame.csproj", "{185E4B4A-088C-49EC-9603-F49C1A71B2E3}"
EndProject
Project("{FAE04EC0-301F-11D3-BF4B-00C04F79EFBC}") = "BlackJackTests", "BlackJackTests\BlackJackTests.csproj", "{30994C2D-080C-47CE-A014-40185A15BC68}"
EndProject
Global
	GlobalSection(SolutionConfigurationPlatforms) = preSolution
		Debug|Any CPU = Debug|Any CPU
		Release|Any CPU = Release|Any CPU
	EndGlobalSection
	GlobalSection(ProjectConfigurationPlatforms) = postSolution
		{185E4B4A-088C-49EC-9603-F49C1A71B2E3}.Debug|Any CPU.ActiveCfg = Debug|Any CPU
		{185E4B4A-088C-49EC-9603-F49C1A71B2E3}.Debug|Any CPU.Build.0 = Debug|Any CPU
		{185E4B4A-088C-49EC-9603-F49C1A71B2E3}.Release|Any CPU.ActiveCfg = Release|Any CPU
		{185E4B4A-088C-49EC-9603-F49C1A71B2E3}.Release|Any CPU.Build.0 = Release|Any CPU
		{30994C2D-080C-47CE-A014-40185A15BC68}.Debug|Any CPU.ActiveCfg = Debug|Any CPU
		{30994C2D-080C-47CE-A014-40185A15BC68}.Debug|Any CPU.Build.0 = Debug|Any CPU
		{30994C2D-080C-47CE-A014-40185A15BC68}.Release|Any CPU.ActiveCfg = Release|Any CPU
		{30994C2D-080C-47CE-A014-40185A15BC68}.Release|Any CPU.Build.0 = Release|Any CPU
	EndGlobalSection
EndGlobal
